
Microsoft Visual Studio Solution File, Format Version 12.00
# Visual Studio Version 17
VisualStudioVersion = 17.0.31919.166
MinimumVisualStudioVersion = 10.0.40219.1
Project("{8BC9CEB8-8B4A-11D0-8D11-00A0C91BC942}") = "Raytracing Spheres", "Raytracing Spheres\Raytracing Spheres.vcxproj", "{C3328E2B-F852-401C-B0B8-8A91B522204E}"
EndProject
Project("{8BC9CEB8-8B4A-11D0-8D11-00A0C91BC942}") = "nv_helpers_dx12", "nv_helpers_dx12\nv_helpers_dx12.vcxitems", "{B11D8857-9791-4C19-A84F-07BCED25E882}"
EndProject
Project("{8BC9CEB8-8B4A-11D0-8D11-00A0C91BC942}") = "Data", "Data\Data.vcxitems", "{926F440C-2F0A-4452-A781-66226763BEBA}"
EndProject
Project("{8BC9CEB8-8B4A-11D0-8D11-00A0C91BC942}") = "Cameras", "Cameras\Cameras.vcxitems", "{7545440A-CD54-4977-8366-FF602998C40F}"
EndProject
Project("{8BC9CEB8-8B4A-11D0-8D11-00A0C91BC942}") = "RaytracingHelpers", "RaytracingHelpers\RaytracingHelpers.vcxitems", "{AC2048F3-0E37-4822-BAF0-D6E7CF6203B3}"
EndProject
Global
	GlobalSection(SharedMSBuildProjectFiles) = preSolution
		Cameras\Cameras.vcxitems*{7545440a-cd54-4977-8366-ff602998c40f}*SharedItemsImports = 9
		Data\Data.vcxitems*{926f440c-2f0a-4452-a781-66226763beba}*SharedItemsImports = 9
		RaytracingHelpers\RaytracingHelpers.vcxitems*{ac2048f3-0e37-4822-baf0-d6e7cf6203b3}*SharedItemsImports = 9
		nv_helpers_dx12\nv_helpers_dx12.vcxitems*{b11d8857-9791-4c19-a84f-07bced25e882}*SharedItemsImports = 9
		Cameras\Cameras.vcxitems*{c3328e2b-f852-401c-b0b8-8a91b522204e}*SharedItemsImports = 4
		Data\Data.vcxitems*{c3328e2b-f852-401c-b0b8-8a91b522204e}*SharedItemsImports = 4
		nv_helpers_dx12\nv_helpers_dx12.vcxitems*{c3328e2b-f852-401c-b0b8-8a91b522204e}*SharedItemsImports = 4
		RaytracingHelpers\RaytracingHelpers.vcxitems*{c3328e2b-f852-401c-b0b8-8a91b522204e}*SharedItemsImports = 4
	EndGlobalSection
	GlobalSection(SolutionConfigurationPlatforms) = preSolution
		Debug|x64 = Debug|x64
		Debug|x86 = Debug|x86
		Release|x64 = Release|x64
		Release|x86 = Release|x86
	EndGlobalSection
	GlobalSection(ProjectConfigurationPlatforms) = postSolution
		{C3328E2B-F852-401C-B0B8-8A91B522204E}.Debug|x64.ActiveCfg = Debug|x64
		{C3328E2B-F852-401C-B0B8-8A91B522204E}.Debug|x64.Build.0 = Debug|x64
		{C3328E2B-F852-401C-B0B8-8A91B522204E}.Debug|x86.ActiveCfg = Debug|Win32
		{C3328E2B-F852-401C-B0B8-8A91B522204E}.Debug|x86.Build.0 = Debug|Win32
		{C3328E2B-F852-401C-B0B8-8A91B522204E}.Release|x64.ActiveCfg = Release|x64
		{C3328E2B-F852-401C-B0B8-8A91B522204E}.Release|x64.Build.0 = Release|x64
		{C3328E2B-F852-401C-B0B8-8A91B522204E}.Release|x86.ActiveCfg = Release|Win32
		{C3328E2B-F852-401C-B0B8-8A91B522204E}.Release|x86.Build.0 = Release|Win32
	EndGlobalSection
	GlobalSection(SolutionProperties) = preSolution
		HideSolutionNode = FALSE
	EndGlobalSection
	GlobalSection(ExtensibilityGlobals) = postSolution
		SolutionGuid = {CE1DCA90-4B57-4136-B09C-D231F549A118}
	EndGlobalSection
EndGlobal
