
Microsoft Visual Studio Solution File, Format Version 12.00
# Visual Studio Version 17
VisualStudioVersion = 17.0.31919.166
MinimumVisualStudioVersion = 10.0.40219.1
Project("{8BC9CEB8-8B4A-11D0-8D11-00A0C91BC942}") = "Raytracing Spheres", "Raytracing Spheres\Raytracing Spheres.vcxproj", "{C3328E2B-F852-401C-B0B8-8A91B522204E}"
EndProject
Project("{8BC9CEB8-8B4A-11D0-8D11-00A0C91BC942}") = "External", "External\External.vcxitems", "{F8442412-5CA3-4DD3-8A24-A6A4E2F19C14}"
EndProject
Global
	GlobalSection(SolutionConfigurationPlatforms) = preSolution
		Debug|x64 = Debug|x64
		Release|x64 = Release|x64
	EndGlobalSection
	GlobalSection(ProjectConfigurationPlatforms) = postSolution
		{C3328E2B-F852-401C-B0B8-8A91B522204E}.Debug|x64.ActiveCfg = Debug|x64
		{C3328E2B-F852-401C-B0B8-8A91B522204E}.Debug|x64.Build.0 = Debug|x64
		{C3328E2B-F852-401C-B0B8-8A91B522204E}.Release|x64.ActiveCfg = Release|x64
		{C3328E2B-F852-401C-B0B8-8A91B522204E}.Release|x64.Build.0 = Release|x64
	EndGlobalSection
	GlobalSection(SolutionProperties) = preSolution
		HideSolutionNode = FALSE
	EndGlobalSection
	GlobalSection(ExtensibilityGlobals) = postSolution
		SolutionGuid = {CE1DCA90-4B57-4136-B09C-D231F549A118}
	EndGlobalSection
	GlobalSection(SharedMSBuildProjectFiles) = preSolution
		External\External.vcxitems*{c3328e2b-f852-401c-b0b8-8a91b522204e}*SharedItemsImports = 4
		External\External.vcxitems*{f8442412-5ca3-4dd3-8a24-a6a4e2f19c14}*SharedItemsImports = 9
	EndGlobalSection
EndGlobal
