<?xml version="1.0" encoding="utf-8"?>
<Project ToolsVersion="4.0" xmlns="http://schemas.microsoft.com/developer/msbuild/2003">
  <ItemGroup>
    <Filter Include="Source Files">
      <UniqueIdentifier>{4FC737F1-C7A5-4376-A066-2A32D752A2FF}</UniqueIdentifier>
      <Extensions>cpp;c;cc;cxx;c++;cppm;ixx;def;odl;idl;hpj;bat;asm;asmx</Extensions>
    </Filter>
    <Filter Include="Header Files">
      <UniqueIdentifier>{93995380-89BD-4b04-88EB-625FBE52EBFB}</UniqueIdentifier>
      <Extensions>h;hh;hpp;hxx;h++;hm;inl;inc;ipp;xsd</Extensions>
    </Filter>
    <Filter Include="Resource Files">
      <UniqueIdentifier>{67DA6AB6-F800-4c08-8B7A-83BB121AAD01}</UniqueIdentifier>
      <Extensions>rc;ico;cur;bmp;dlg;rc2;rct;bin;rgs;gif;jpg;jpeg;jpe;resx;tiff;tif;png;wav;mfcribbon-ms</Extensions>
    </Filter>
    <Filter Include="Common">
      <UniqueIdentifier>{0b5ab10a-7fe0-483b-880d-066dda156795}</UniqueIdentifier>
    </Filter>
    <Filter Include="Shader Files">
      <UniqueIdentifier>{b4b7f07b-f5b0-4417-8afe-050236aaf118}</UniqueIdentifier>
      <Extensions>hlsl;hlsli</Extensions>
    </Filter>
    <Filter Include="Texture Files">
      <UniqueIdentifier>{82401490-919e-4670-9993-7262c9b48c8b}</UniqueIdentifier>
    </Filter>
  </ItemGroup>
  <ItemGroup>
    <Manifest Include="app.manifest" />
  </ItemGroup>
  <ItemGroup>
    <ClInclude Include="D3DApp.h">
      <Filter>Header Files</Filter>
    </ClInclude>
    <ClInclude Include="pch.h">
      <Filter>Header Files</Filter>
    </ClInclude>
    <ClInclude Include="DeviceResources.h">
      <Filter>Common</Filter>
    </ClInclude>
    <ClInclude Include="StepTimer.h">
      <Filter>Common</Filter>
    </ClInclude>
    <ClInclude Include="WindowHelpers.h">
      <Filter>Common</Filter>
    </ClInclude>
    <ClInclude Include="resource.h">
      <Filter>Header Files</Filter>
    </ClInclude>
    <ClInclude Include="ErrorHelpers.h">
      <Filter>Common</Filter>
    </ClInclude>
    <ClInclude Include="Random.h">
      <Filter>Header Files</Filter>
    </ClInclude>
    <ClInclude Include="MyAppData.h">
      <Filter>Header Files</Filter>
    </ClInclude>
    <ClInclude Include="DisplayHelpers.h">
      <Filter>Common</Filter>
    </ClInclude>
    <ClInclude Include="Material.h">
      <Filter>Header Files</Filter>
    </ClInclude>
    <ClInclude Include="MyPhysX.h">
      <Filter>Header Files</Filter>
    </ClInclude>
    <ClInclude Include="Texture.h">
      <Filter>Header Files</Filter>
    </ClInclude>
    <ClInclude Include="Camera.h">
      <Filter>Header Files</Filter>
    </ClInclude>
    <ClInclude Include="DirectXRaytracingHelpers.h">
      <Filter>Common</Filter>
    </ClInclude>
    <ClInclude Include="ImGuiEx.h">
      <Filter>Header Files</Filter>
    </ClInclude>
    <ClInclude Include="SharedData.h">
      <Filter>Header Files</Filter>
    </ClInclude>
    <ClInclude Include="TemporalAntiAliasingEffect.h">
      <Filter>Header Files</Filter>
    </ClInclude>
    <ClInclude Include="GraphicsMemoryEx.h">
      <Filter>Common</Filter>
    </ClInclude>
  </ItemGroup>
  <ItemGroup>
    <ClCompile Include="DeviceResources.cpp">
      <Filter>Common</Filter>
    </ClCompile>
    <ClCompile Include="Main.cpp">
      <Filter>Source Files</Filter>
    </ClCompile>
    <ClCompile Include="D3DApp.cpp">
      <Filter>Source Files</Filter>
    </ClCompile>
    <ClCompile Include="TemporalAntiAliasingEffect.cpp">
      <Filter>Source Files</Filter>
    </ClCompile>
  </ItemGroup>
  <ItemGroup>
    <ResourceCompile Include="Direct3D 12 Win32 App.rc">
      <Filter>Resource Files</Filter>
    </ResourceCompile>
  </ItemGroup>
  <ItemGroup>
    <Image Include="DirectX.ico">
      <Filter>Resource Files</Filter>
    </Image>
  </ItemGroup>
  <ItemGroup>
    <Content Include="Textures\Earth.jpg">
      <Filter>Texture Files</Filter>
    </Content>
    <Content Include="Textures\Earth_Normal.jpg">
      <Filter>Texture Files</Filter>
    </Content>
    <Content Include="Textures\Moon.jpg">
      <Filter>Texture Files</Filter>
    </Content>
    <Content Include="Textures\Moon_Normal.jpg">
      <Filter>Texture Files</Filter>
    </Content>
    <Content Include="Textures\Space.dds">
      <Filter>Texture Files</Filter>
    </Content>
  </ItemGroup>
  <ItemGroup>
    <None Include="Shaders\Common.hlsli">
      <Filter>Shader Files</Filter>
    </None>
    <None Include="Shaders\HitInfo.hlsli">
      <Filter>Shader Files</Filter>
    </None>
    <None Include="Shaders\Material.hlsli">
      <Filter>Shader Files</Filter>
    </None>
    <None Include="Shaders\RadianceRay.hlsli">
      <Filter>Shader Files</Filter>
    </None>
    <None Include="Shaders\Random.hlsli">
      <Filter>Shader Files</Filter>
    </None>
    <None Include="Shaders\Ray.hlsli">
      <Filter>Shader Files</Filter>
    </None>
    <None Include="Shaders\IndexHelpers.hlsli">
      <Filter>Shader Files</Filter>
    </None>
    <None Include="Shaders\MathHelpers.hlsli">
      <Filter>Shader Files</Filter>
    </None>
    <None Include="Shaders\Vertex.hlsli">
      <Filter>Shader Files</Filter>
    </None>
    <None Include="Shaders\Camera.hlsli">
      <Filter>Shader Files</Filter>
    </None>
  </ItemGroup>
  <ItemGroup>
    <FxCompile Include="Shaders\Raytracing.hlsl">
      <Filter>Shader Files</Filter>
    </FxCompile>
    <FxCompile Include="Shaders\TemporalAntiAliasing.hlsl">
      <Filter>Shader Files</Filter>
    </FxCompile>
  </ItemGroup>
</Project>