<?xml version="1.0" encoding="utf-8"?>
<Project ToolsVersion="4.0" xmlns="http://schemas.microsoft.com/developer/msbuild/2003">
  <ItemGroup>
    <Filter Include="Source Files">
      <UniqueIdentifier>{4FC737F1-C7A5-4376-A066-2A32D752A2FF}</UniqueIdentifier>
      <Extensions>cpp;c;cc;cxx;c++;cppm;ixx;def;odl;idl;hpj;bat;asm;asmx</Extensions>
    </Filter>
    <Filter Include="Header Files">
      <UniqueIdentifier>{93995380-89BD-4b04-88EB-625FBE52EBFB}</UniqueIdentifier>
      <Extensions>h;hh;hpp;hxx;h++;hm;inl;inc;ipp;xsd</Extensions>
    </Filter>
    <Filter Include="Resource Files">
      <UniqueIdentifier>{67DA6AB6-F800-4c08-8B7A-83BB121AAD01}</UniqueIdentifier>
      <Extensions>rc;ico;cur;bmp;dlg;rc2;rct;bin;rgs;gif;jpg;jpeg;jpe;resx;tiff;tif;png;wav;mfcribbon-ms</Extensions>
    </Filter>
    <Filter Include="Common">
      <UniqueIdentifier>{0b5ab10a-7fe0-483b-880d-066dda156795}</UniqueIdentifier>
    </Filter>
    <Filter Include="Shader Files">
      <UniqueIdentifier>{b4b7f07b-f5b0-4417-8afe-050236aaf118}</UniqueIdentifier>
      <Extensions>hlsl;hlsli</Extensions>
    </Filter>
  </ItemGroup>
  <ItemGroup>
    <Manifest Include="app.manifest" />
  </ItemGroup>
  <ItemGroup>
    <ClInclude Include="pch.h">
      <Filter>Header Files</Filter>
    </ClInclude>
    <ClInclude Include="DeviceResources.h">
      <Filter>Common</Filter>
    </ClInclude>
    <ClInclude Include="StepTimer.h">
      <Filter>Common</Filter>
    </ClInclude>
    <ClInclude Include="resource.h">
      <Filter>Header Files</Filter>
    </ClInclude>
    <ClInclude Include="PhysX.h">
      <Filter>Header Files</Filter>
    </ClInclude>
    <ClInclude Include="ImGuiEx.h">
      <Filter>Header Files</Filter>
    </ClInclude>
    <ClInclude Include="MyAppData.h">
      <Filter>Header Files</Filter>
    </ClInclude>
    <ClInclude Include="RenderTexture.h">
      <Filter>Common</Filter>
    </ClInclude>
    <ClInclude Include="JsonHelpers.h">
      <Filter>Header Files</Filter>
    </ClInclude>
  </ItemGroup>
  <ItemGroup>
    <ClCompile Include="DeviceResources.cpp">
      <Filter>Common</Filter>
    </ClCompile>
    <ClCompile Include="Main.cpp">
      <Filter>Source Files</Filter>
    </ClCompile>
    <ClCompile Include="App.cpp">
      <Filter>Source Files</Filter>
    </ClCompile>
    <ClCompile Include="TemporalAntiAliasing.ixx">
      <Filter>Source Files</Filter>
    </ClCompile>
    <ClCompile Include="RaytracingHelpers.ixx">
      <Filter>Common</Filter>
    </ClCompile>
    <ClCompile Include="WindowHelpers.ixx">
      <Filter>Common</Filter>
    </ClCompile>
    <ClCompile Include="DisplayHelpers.ixx">
      <Filter>Common</Filter>
    </ClCompile>
    <ClCompile Include="SharedData.ixx">
      <Filter>Source Files</Filter>
    </ClCompile>
    <ClCompile Include="App.cppm">
      <Filter>Source Files</Filter>
    </ClCompile>
    <ClCompile Include="Material.ixx">
      <Filter>Source Files</Filter>
    </ClCompile>
    <ClCompile Include="Texture.ixx">
      <Filter>Source Files</Filter>
    </ClCompile>
    <ClCompile Include="Random.ixx">
      <Filter>Source Files</Filter>
    </ClCompile>
    <ClCompile Include="BufferHelpers.ixx">
      <Filter>Common</Filter>
    </ClCompile>
    <ClCompile Include="Camera.ixx">
      <Filter>Source Files</Filter>
    </ClCompile>
    <ClCompile Include="RaytracingShaderData.ixx">
      <Filter>Source Files</Filter>
    </ClCompile>
    <ClCompile Include="RenderTexture.cpp">
      <Filter>Common</Filter>
    </ClCompile>
    <ClCompile Include="HaltonSamplePattern.ixx">
      <Filter>Common</Filter>
    </ClCompile>
    <ClCompile Include="DenoisedComposition.ixx">
      <Filter>Source Files</Filter>
    </ClCompile>
    <ClCompile Include="NRD.ixx">
      <Filter>Common</Filter>
    </ClCompile>
    <ClCompile Include="Model.ixx">
      <Filter>Source Files</Filter>
    </ClCompile>
    <ClCompile Include="MyScene.ixx">
      <Filter>Source Files</Filter>
    </ClCompile>
    <ClCompile Include="ResourceHelpers.ixx">
      <Filter>Source Files</Filter>
    </ClCompile>
    <ClCompile Include="Scene.ixx">
      <Filter>Source Files</Filter>
    </ClCompile>
    <ClCompile Include="DescriptorHeap.ixx">
      <Filter>Common</Filter>
    </ClCompile>
    <ClCompile Include="Math.ixx">
      <Filter>Source Files</Filter>
    </ClCompile>
    <ClCompile Include="CommandList.ixx">
      <Filter>Common</Filter>
    </ClCompile>
    <ClCompile Include="ThreadHelpers.ixx">
      <Filter>Common</Filter>
    </ClCompile>
  </ItemGroup>
  <ItemGroup>
    <ResourceCompile Include="Direct3D 12 Win32 App.rc">
      <Filter>Resource Files</Filter>
    </ResourceCompile>
  </ItemGroup>
  <ItemGroup>
    <Image Include="DirectX.ico">
      <Filter>Resource Files</Filter>
    </Image>
  </ItemGroup>
  <ItemGroup>
    <None Include="Shaders\HitInfo.hlsli">
      <Filter>Shader Files</Filter>
    </None>
    <None Include="Shaders\Material.hlsli">
      <Filter>Shader Files</Filter>
    </None>
    <None Include="Shaders\IndirectRay.hlsli">
      <Filter>Shader Files</Filter>
    </None>
    <None Include="Shaders\MeshHelpers.hlsli">
      <Filter>Shader Files</Filter>
    </None>
    <None Include="Shaders\Math.hlsli">
      <Filter>Shader Files</Filter>
    </None>
    <None Include="Shaders\Vertex.hlsli">
      <Filter>Shader Files</Filter>
    </None>
    <None Include="Shaders\Camera.hlsli">
      <Filter>Shader Files</Filter>
    </None>
    <None Include="Shaders\Raytracing.hlsli">
      <Filter>Shader Files</Filter>
    </None>
    <None Include="Shaders\RaytracingHelpers.hlsli">
      <Filter>Shader Files</Filter>
    </None>
  </ItemGroup>
  <ItemGroup>
    <FxCompile Include="Shaders\Raytracing.hlsl">
      <Filter>Shader Files</Filter>
    </FxCompile>
    <FxCompile Include="Shaders\TemporalAntiAliasing.hlsl">
      <Filter>Shader Files</Filter>
    </FxCompile>
    <FxCompile Include="Shaders\DenoisedComposition.hlsl">
      <Filter>Shader Files</Filter>
    </FxCompile>
  </ItemGroup>
</Project>